
Microsoft Visual Studio Solution File, Format Version 12.00
# Visual Studio 15
VisualStudioVersion = 15.0.28307.1321
MinimumVisualStudioVersion = 10.0.40219.1
Project("{8BC9CEB8-8B4A-11D0-8D11-00A0C91BC942}") = "Modular_arithmetic_F099987", "Modular_arithmetic_F099987\Modular_arithmetic_F099987.vcxproj", "{E31AE390-7E9F-4640-A7B0-48359E1F6116}"
EndProject
Global
	GlobalSection(SolutionConfigurationPlatforms) = preSolution
		Debug|x64 = Debug|x64
		Debug|x86 = Debug|x86
		Release|x64 = Release|x64
		Release|x86 = Release|x86
	EndGlobalSection
	GlobalSection(ProjectConfigurationPlatforms) = postSolution
		{E31AE390-7E9F-4640-A7B0-48359E1F6116}.Debug|x64.ActiveCfg = Debug|x64
		{E31AE390-7E9F-4640-A7B0-48359E1F6116}.Debug|x64.Build.0 = Debug|x64
		{E31AE390-7E9F-4640-A7B0-48359E1F6116}.Debug|x86.ActiveCfg = Debug|Win32
		{E31AE390-7E9F-4640-A7B0-48359E1F6116}.Debug|x86.Build.0 = Debug|Win32
		{E31AE390-7E9F-4640-A7B0-48359E1F6116}.Release|x64.ActiveCfg = Release|x64
		{E31AE390-7E9F-4640-A7B0-48359E1F6116}.Release|x64.Build.0 = Release|x64
		{E31AE390-7E9F-4640-A7B0-48359E1F6116}.Release|x86.ActiveCfg = Release|Win32
		{E31AE390-7E9F-4640-A7B0-48359E1F6116}.Release|x86.Build.0 = Release|Win32
	EndGlobalSection
	GlobalSection(SolutionProperties) = preSolution
		HideSolutionNode = FALSE
	EndGlobalSection
	GlobalSection(ExtensibilityGlobals) = postSolution
		SolutionGuid = {BA352F19-7EC0-430B-B6FA-20A3ECD5FC2D}
	EndGlobalSection
EndGlobal
